
Microsoft Visual Studio Solution File, Format Version 12.00
# Visual Studio Version 17
VisualStudioVersion = 17.4.33205.214
MinimumVisualStudioVersion = 10.0.40219.1
Project("{FAE04EC0-301F-11D3-BF4B-00C04F79EFBC}") = "TrackerExpenseAPI", "TrackerExpenseAPI\TrackerExpenseAPI.csproj", "{1CB35B06-054B-4230-ACEC-EE5C434DF07C}"
EndProject
Project("{FAE04EC0-301F-11D3-BF4B-00C04F79EFBC}") = "TrackerExpenseMVC", "TrackerExpenseMVC\TrackerExpenseMVC.csproj", "{4C436ED7-D6B9-43ED-923A-08C205B5D558}"
EndProject
Global
	GlobalSection(SolutionConfigurationPlatforms) = preSolution
		Debug|Any CPU = Debug|Any CPU
		Release|Any CPU = Release|Any CPU
	EndGlobalSection
	GlobalSection(ProjectConfigurationPlatforms) = postSolution
		{1CB35B06-054B-4230-ACEC-EE5C434DF07C}.Debug|Any CPU.ActiveCfg = Debug|Any CPU
		{1CB35B06-054B-4230-ACEC-EE5C434DF07C}.Debug|Any CPU.Build.0 = Debug|Any CPU
		{1CB35B06-054B-4230-ACEC-EE5C434DF07C}.Release|Any CPU.ActiveCfg = Release|Any CPU
		{1CB35B06-054B-4230-ACEC-EE5C434DF07C}.Release|Any CPU.Build.0 = Release|Any CPU
		{4C436ED7-D6B9-43ED-923A-08C205B5D558}.Debug|Any CPU.ActiveCfg = Debug|Any CPU
		{4C436ED7-D6B9-43ED-923A-08C205B5D558}.Debug|Any CPU.Build.0 = Debug|Any CPU
		{4C436ED7-D6B9-43ED-923A-08C205B5D558}.Release|Any CPU.ActiveCfg = Release|Any CPU
		{4C436ED7-D6B9-43ED-923A-08C205B5D558}.Release|Any CPU.Build.0 = Release|Any CPU
	EndGlobalSection
	GlobalSection(SolutionProperties) = preSolution
		HideSolutionNode = FALSE
	EndGlobalSection
	GlobalSection(ExtensibilityGlobals) = postSolution
		SolutionGuid = {65B64C85-AF5E-404D-AA9D-00253528622C}
	EndGlobalSection
EndGlobal
